// !$*UTF8*$!
{
	archiveVersion = 1;
	classes = {
	};
	objectVersion = 45;
	objects = {

/* Begin PBXBuildFile section */
		1D3623260D0F684500981E51 /* AppDelegate.m in Sources */ = {isa = PBXBuildFile; fileRef = 1D3623250D0F684500981E51 /* AppDelegate.m */; };
		1D60589B0D05DD56006BFB54 /* main.m in Sources */ = {isa = PBXBuildFile; fileRef = 29B97316FDCFA39411CA2CEA /* main.m */; };
		1D60589F0D05DD5A006BFB54 /* Foundation.framework in Frameworks */ = {isa = PBXBuildFile; fileRef = 1D30AB110D05D00D00671497 /* Foundation.framework */; };
		1DF5F4E00D08C38300B7A737 /* UIKit.framework in Frameworks */ = {isa = PBXBuildFile; fileRef = 1DF5F4DF0D08C38300B7A737 /* UIKit.framework */; };
		288765FD0DF74451002DB57D /* CoreGraphics.framework in Frameworks */ = {isa = PBXBuildFile; fileRef = 288765FC0DF74451002DB57D /* CoreGraphics.framework */; };
		4501719E128B849A003E71FE /* NotesManager.m in Sources */ = {isa = PBXBuildFile; fileRef = 4501719D128B849A003E71FE /* NotesManager.m */; };
		450171A1128B84B1003E71FE /* Note.m in Sources */ = {isa = PBXBuildFile; fileRef = 450171A0128B84B1003E71FE /* Note.m */; };
		45017382128CE74F003E71FE /* blank.png in Resources */ = {isa = PBXBuildFile; fileRef = 45017381128CE74F003E71FE /* blank.png */; };
		45017392128CE8C7003E71FE /* empty.plist in Resources */ = {isa = PBXBuildFile; fileRef = 45017391128CE8C7003E71FE /* empty.plist */; };
		450ED517128B71E600E7E0C6 /* MainViewController.m in Sources */ = {isa = PBXBuildFile; fileRef = 450ED516128B71E600E7E0C6 /* MainViewController.m */; };
		45134A5B12F2314F00128C58 /* delete-icon.png in Resources */ = {isa = PBXBuildFile; fileRef = 45134A5A12F2314F00128C58 /* delete-icon.png */; };
		4548DEAC12C55D0200815580 /* StoreView.m in Sources */ = {isa = PBXBuildFile; fileRef = 4548DEAB12C55D0200815580 /* StoreView.m */; };
		4563DFB012B06C01004588A6 /* GradientButton.m in Sources */ = {isa = PBXBuildFile; fileRef = 4563DFAE12B06C01004588A6 /* GradientButton.m */; };
		4569B24912EB7A37003BD00C /* LICENSE.txt in Resources */ = {isa = PBXBuildFile; fileRef = 4569B24812EB7A37003BD00C /* LICENSE.txt */; };
		4569B4AD12ED1158003BD00C /* ArrivingIcon.png in Resources */ = {isa = PBXBuildFile; fileRef = 4569B4AC12ED1158003BD00C /* ArrivingIcon.png */; };
		4569B4AF12ED1164003BD00C /* DepartingIcon.png in Resources */ = {isa = PBXBuildFile; fileRef = 4569B4AE12ED1164003BD00C /* DepartingIcon.png */; };
		4569B97012EF3AB0003BD00C /* LocationAlarmManager.m in Sources */ = {isa = PBXBuildFile; fileRef = 4569B96F12EF3AB0003BD00C /* LocationAlarmManager.m */; };
		456FD35C1290EEC500076641 /* AlarmViewController.m in Sources */ = {isa = PBXBuildFile; fileRef = 456FD35B1290EEC500076641 /* AlarmViewController.m */; };
		45792CC01294B4A2001C834B /* NSDate+HumanInterval.m in Sources */ = {isa = PBXBuildFile; fileRef = 45792CBF1294B4A2001C834B /* NSDate+HumanInterval.m */; };
		458234E21288FE1400EC555C /* NotesScrollView.m in Sources */ = {isa = PBXBuildFile; fileRef = 458234E11288FE1400EC555C /* NotesScrollView.m */; };
		458234E61288FE8F00EC555C /* QuartzCore.framework in Frameworks */ = {isa = PBXBuildFile; fileRef = 458234E51288FE8F00EC555C /* QuartzCore.framework */; };
		458235E31289034700EC555C /* NoteSelectorController.m in Sources */ = {isa = PBXBuildFile; fileRef = 458235E21289034700EC555C /* NoteSelectorController.m */; };
		458235EF128903F200EC555C /* NotePreviewView.m in Sources */ = {isa = PBXBuildFile; fileRef = 458235EE128903F200EC555C /* NotePreviewView.m */; };
		4585336A128B69BC00793A24 /* DrawingViewController.m in Sources */ = {isa = PBXBuildFile; fileRef = 45853369128B69BC00793A24 /* DrawingViewController.m */; };
		459402991296241000F11F95 /* AlarmQuickTimes.m in Sources */ = {isa = PBXBuildFile; fileRef = 459402981296241000F11F95 /* AlarmQuickTimes.m */; };
		459A438D12ECF7D3007119A1 /* ToggleButton.m in Sources */ = {isa = PBXBuildFile; fileRef = 459A438C12ECF7D3007119A1 /* ToggleButton.m */; };
		45A6C30812A360280027AF86 /* Icon@2x.png in Resources */ = {isa = PBXBuildFile; fileRef = 45A6C30612A360280027AF86 /* Icon@2x.png */; };
		45A6C30912A360280027AF86 /* Icon.png in Resources */ = {isa = PBXBuildFile; fileRef = 45A6C30712A360280027AF86 /* Icon.png */; };
		45A6C54812A492010027AF86 /* AlarmTitleButton.m in Sources */ = {isa = PBXBuildFile; fileRef = 45A6C54712A492010027AF86 /* AlarmTitleButton.m */; };
		45A6C6E912A5F7E70027AF86 /* ColorButton.m in Sources */ = {isa = PBXBuildFile; fileRef = 45A6C6E812A5F7E70027AF86 /* ColorButton.m */; };
		45A6C7F812A721430027AF86 /* DrawingColorController.m in Sources */ = {isa = PBXBuildFile; fileRef = 45A6C7F712A721430027AF86 /* DrawingColorController.m */; };
		45BFB98F12A73604004EB7A2 /* AlarmAbsoluteTimes.m in Sources */ = {isa = PBXBuildFile; fileRef = 45BFB98E12A73604004EB7A2 /* AlarmAbsoluteTimes.m */; };
		45C3BEB512EC908A004CB303 /* AlarmMapView.m in Sources */ = {isa = PBXBuildFile; fileRef = 45C3BEB412EC908A004CB303 /* AlarmMapView.m */; };
		45C3BEC312EC918C004CB303 /* MapKit.framework in Frameworks */ = {isa = PBXBuildFile; fileRef = 45C3BEC212EC918C004CB303 /* MapKit.framework */; };
		45C58A4412D18B82009C3867 /* Default.png in Resources */ = {isa = PBXBuildFile; fileRef = 45C58A4312D18B82009C3867 /* Default.png */; };
		45D0BB9E1293874100470D80 /* alarm_times.plist in Resources */ = {isa = PBXBuildFile; fileRef = 45D0BB9D1293874100470D80 /* alarm_times.plist */; };
		45D19A0712CFDD33009E2E49 /* alarm.png in Resources */ = {isa = PBXBuildFile; fileRef = 45D19A0412CFDD33009E2E49 /* alarm.png */; };
		45D19A0812CFDD33009E2E49 /* alarm@2X.png in Resources */ = {isa = PBXBuildFile; fileRef = 45D19A0512CFDD33009E2E49 /* alarm@2X.png */; };
		45D19A0912CFDD33009E2E49 /* erase-icon@2x.png in Resources */ = {isa = PBXBuildFile; fileRef = 45D19A0612CFDD33009E2E49 /* erase-icon@2x.png */; };
		45EBDA3312BEFB4F001999A4 /* StoreKit.framework in Frameworks */ = {isa = PBXBuildFile; fileRef = 45EBDA3212BEFB4F001999A4 /* StoreKit.framework */; };
		45EBDA3812BEFC72001999A4 /* PurchaseManager.m in Sources */ = {isa = PBXBuildFile; fileRef = 45EBDA3712BEFC72001999A4 /* PurchaseManager.m */; };
		45EC0C6A12ECADE900DBD0B4 /* CoreLocation.framework in Frameworks */ = {isa = PBXBuildFile; fileRef = 45EC0C6912ECADE900DBD0B4 /* CoreLocation.framework */; };
		45EC0D7812ECC4C100DBD0B4 /* AlarmAnnotationView.m in Sources */ = {isa = PBXBuildFile; fileRef = 45EC0D7712ECC4C100DBD0B4 /* AlarmAnnotationView.m */; };
		45EC0D7B12ECC54900DBD0B4 /* AlarmAnnotation.m in Sources */ = {isa = PBXBuildFile; fileRef = 45EC0D7A12ECC54900DBD0B4 /* AlarmAnnotation.m */; };
		45ED57F512F0CEFC00CF4A1D /* text-icon.png in Resources */ = {isa = PBXBuildFile; fileRef = 45ED57F412F0CEFC00CF4A1D /* text-icon.png */; };
		45ED586312F0F97F00CF4A1D /* DrawingTextBox.m in Sources */ = {isa = PBXBuildFile; fileRef = 45ED586212F0F97F00CF4A1D /* DrawingTextBox.m */; };
		45ED5AE912F121B800CF4A1D /* HPGrowingTextView.m in Sources */ = {isa = PBXBuildFile; fileRef = 45ED5AE612F121B800CF4A1D /* HPGrowingTextView.m */; };
		45ED5AEA12F121B800CF4A1D /* HPTextViewInternal.m in Sources */ = {isa = PBXBuildFile; fileRef = 45ED5AE812F121B800CF4A1D /* HPTextViewInternal.m */; };
		45EE569312A9F04D00732503 /* CountingButton.m in Sources */ = {isa = PBXBuildFile; fileRef = 45EE569212A9F04D00732503 /* CountingButton.m */; };
		45EE571D12AB359200732503 /* DrawEraseButton.m in Sources */ = {isa = PBXBuildFile; fileRef = 45EE571C12AB359200732503 /* DrawEraseButton.m */; };
		45EE572F12AB383700732503 /* erase-icon.png in Resources */ = {isa = PBXBuildFile; fileRef = 45EE572E12AB383700732503 /* erase-icon.png */; };
		45EE582612AB5F2D00732503 /* photos_icon.png in Resources */ = {isa = PBXBuildFile; fileRef = 45EE582512AB5F2D00732503 /* photos_icon.png */; };
		45EE584B12ADB86900732503 /* draw-icon.png in Resources */ = {isa = PBXBuildFile; fileRef = 45EE584A12ADB86900732503 /* draw-icon.png */; };
		45EE587512ADBC0900732503 /* alarm-clock-icon.png in Resources */ = {isa = PBXBuildFile; fileRef = 45EE587412ADBC0900732503 /* alarm-clock-icon.png */; };
/* End PBXBuildFile section */

/* Begin PBXFileReference section */
		1D30AB110D05D00D00671497 /* Foundation.framework */ = {isa = PBXFileReference; lastKnownFileType = wrapper.framework; name = Foundation.framework; path = System/Library/Frameworks/Foundation.framework; sourceTree = SDKROOT; };
		1D3623240D0F684500981E51 /* AppDelegate.h */ = {isa = PBXFileReference; fileEncoding = 4; lastKnownFileType = sourcecode.c.h; path = AppDelegate.h; sourceTree = "<group>"; };
		1D3623250D0F684500981E51 /* AppDelegate.m */ = {isa = PBXFileReference; fileEncoding = 4; lastKnownFileType = sourcecode.c.objc; path = AppDelegate.m; sourceTree = "<group>"; };
		1D6058910D05DD3D006BFB54 /* Remindly.app */ = {isa = PBXFileReference; explicitFileType = wrapper.application; includeInIndex = 0; path = Remindly.app; sourceTree = BUILT_PRODUCTS_DIR; };
		1DF5F4DF0D08C38300B7A737 /* UIKit.framework */ = {isa = PBXFileReference; lastKnownFileType = wrapper.framework; name = UIKit.framework; path = System/Library/Frameworks/UIKit.framework; sourceTree = SDKROOT; };
		288765FC0DF74451002DB57D /* CoreGraphics.framework */ = {isa = PBXFileReference; lastKnownFileType = wrapper.framework; name = CoreGraphics.framework; path = System/Library/Frameworks/CoreGraphics.framework; sourceTree = SDKROOT; };
		29B97316FDCFA39411CA2CEA /* main.m */ = {isa = PBXFileReference; fileEncoding = 4; lastKnownFileType = sourcecode.c.objc; path = main.m; sourceTree = "<group>"; };
		32CA4F630368D1EE00C91783 /* Remindly_Prefix.pch */ = {isa = PBXFileReference; fileEncoding = 4; lastKnownFileType = sourcecode.c.h; path = Remindly_Prefix.pch; sourceTree = "<group>"; };
		4501719C128B849A003E71FE /* NotesManager.h */ = {isa = PBXFileReference; fileEncoding = 4; lastKnownFileType = sourcecode.c.h; path = NotesManager.h; sourceTree = "<group>"; };
		4501719D128B849A003E71FE /* NotesManager.m */ = {isa = PBXFileReference; fileEncoding = 4; lastKnownFileType = sourcecode.c.objc; path = NotesManager.m; sourceTree = "<group>"; };
		4501719F128B84B1003E71FE /* Note.h */ = {isa = PBXFileReference; fileEncoding = 4; lastKnownFileType = sourcecode.c.h; path = Note.h; sourceTree = "<group>"; };
		450171A0128B84B1003E71FE /* Note.m */ = {isa = PBXFileReference; fileEncoding = 4; lastKnownFileType = sourcecode.c.objc; path = Note.m; sourceTree = "<group>"; };
		45017381128CE74F003E71FE /* blank.png */ = {isa = PBXFileReference; lastKnownFileType = image.png; path = blank.png; sourceTree = "<group>"; };
		45017391128CE8C7003E71FE /* empty.plist */ = {isa = PBXFileReference; fileEncoding = 4; lastKnownFileType = text.plist.xml; path = empty.plist; sourceTree = "<group>"; };
		450ED515128B71E600E7E0C6 /* MainViewController.h */ = {isa = PBXFileReference; fileEncoding = 4; lastKnownFileType = sourcecode.c.h; path = MainViewController.h; sourceTree = "<group>"; };
		450ED516128B71E600E7E0C6 /* MainViewController.m */ = {isa = PBXFileReference; fileEncoding = 4; lastKnownFileType = sourcecode.c.objc; path = MainViewController.m; sourceTree = "<group>"; };
		45134A5A12F2314F00128C58 /* delete-icon.png */ = {isa = PBXFileReference; lastKnownFileType = image.png; name = "delete-icon.png"; path = "Images/delete-icon.png"; sourceTree = "<group>"; };
		4548DEAA12C55D0200815580 /* StoreView.h */ = {isa = PBXFileReference; fileEncoding = 4; lastKnownFileType = sourcecode.c.h; path = StoreView.h; sourceTree = "<group>"; };
		4548DEAB12C55D0200815580 /* StoreView.m */ = {isa = PBXFileReference; fileEncoding = 4; lastKnownFileType = sourcecode.c.objc; path = StoreView.m; sourceTree = "<group>"; };
		4563DFAE12B06C01004588A6 /* GradientButton.m */ = {isa = PBXFileReference; fileEncoding = 4; lastKnownFileType = sourcecode.c.objc; path = GradientButton.m; sourceTree = "<group>"; };
		4563DFAF12B06C01004588A6 /* GradientButton.h */ = {isa = PBXFileReference; fileEncoding = 4; lastKnownFileType = sourcecode.c.h; path = GradientButton.h; sourceTree = "<group>"; };
		4569B24812EB7A37003BD00C /* LICENSE.txt */ = {isa = PBXFileReference; fileEncoding = 4; lastKnownFileType = text; path = LICENSE.txt; sourceTree = "<group>"; };
		4569B4AC12ED1158003BD00C /* ArrivingIcon.png */ = {isa = PBXFileReference; lastKnownFileType = image.png; name = ArrivingIcon.png; path = Images/ArrivingIcon.png; sourceTree = "<group>"; };
		4569B4AE12ED1164003BD00C /* DepartingIcon.png */ = {isa = PBXFileReference; lastKnownFileType = image.png; name = DepartingIcon.png; path = Images/DepartingIcon.png; sourceTree = "<group>"; };
		4569B96E12EF3AB0003BD00C /* LocationAlarmManager.h */ = {isa = PBXFileReference; fileEncoding = 4; lastKnownFileType = sourcecode.c.h; path = LocationAlarmManager.h; sourceTree = "<group>"; };
		4569B96F12EF3AB0003BD00C /* LocationAlarmManager.m */ = {isa = PBXFileReference; fileEncoding = 4; lastKnownFileType = sourcecode.c.objc; path = LocationAlarmManager.m; sourceTree = "<group>"; };
		456FD35A1290EEC500076641 /* AlarmViewController.h */ = {isa = PBXFileReference; fileEncoding = 4; lastKnownFileType = sourcecode.c.h; path = AlarmViewController.h; sourceTree = "<group>"; };
		456FD35B1290EEC500076641 /* AlarmViewController.m */ = {isa = PBXFileReference; fileEncoding = 4; lastKnownFileType = sourcecode.c.objc; path = AlarmViewController.m; sourceTree = "<group>"; };
		45792CBE1294B4A2001C834B /* NSDate+HumanInterval.h */ = {isa = PBXFileReference; fileEncoding = 4; lastKnownFileType = sourcecode.c.h; path = "NSDate+HumanInterval.h"; sourceTree = "<group>"; };
		45792CBF1294B4A2001C834B /* NSDate+HumanInterval.m */ = {isa = PBXFileReference; fileEncoding = 4; lastKnownFileType = sourcecode.c.objc; path = "NSDate+HumanInterval.m"; sourceTree = "<group>"; };
		458234E01288FE1400EC555C /* NotesScrollView.h */ = {isa = PBXFileReference; fileEncoding = 4; lastKnownFileType = sourcecode.c.h; path = NotesScrollView.h; sourceTree = "<group>"; };
		458234E11288FE1400EC555C /* NotesScrollView.m */ = {isa = PBXFileReference; fileEncoding = 4; lastKnownFileType = sourcecode.c.objc; path = NotesScrollView.m; sourceTree = "<group>"; };
		458234E51288FE8F00EC555C /* QuartzCore.framework */ = {isa = PBXFileReference; lastKnownFileType = wrapper.framework; name = QuartzCore.framework; path = System/Library/Frameworks/QuartzCore.framework; sourceTree = SDKROOT; };
		458235E11289034700EC555C /* NoteSelectorController.h */ = {isa = PBXFileReference; fileEncoding = 4; lastKnownFileType = sourcecode.c.h; path = NoteSelectorController.h; sourceTree = "<group>"; };
		458235E21289034700EC555C /* NoteSelectorController.m */ = {isa = PBXFileReference; fileEncoding = 4; lastKnownFileType = sourcecode.c.objc; path = NoteSelectorController.m; sourceTree = "<group>"; };
		458235ED128903F200EC555C /* NotePreviewView.h */ = {isa = PBXFileReference; fileEncoding = 4; lastKnownFileType = sourcecode.c.h; path = NotePreviewView.h; sourceTree = "<group>"; };
		458235EE128903F200EC555C /* NotePreviewView.m */ = {isa = PBXFileReference; fileEncoding = 4; lastKnownFileType = sourcecode.c.objc; path = NotePreviewView.m; sourceTree = "<group>"; };
		45853368128B69BC00793A24 /* DrawingViewController.h */ = {isa = PBXFileReference; fileEncoding = 4; lastKnownFileType = sourcecode.c.h; path = DrawingViewController.h; sourceTree = "<group>"; };
		45853369128B69BC00793A24 /* DrawingViewController.m */ = {isa = PBXFileReference; fileEncoding = 4; lastKnownFileType = sourcecode.c.objc; path = DrawingViewController.m; sourceTree = "<group>"; };
		459402971296241000F11F95 /* AlarmQuickTimes.h */ = {isa = PBXFileReference; fileEncoding = 4; lastKnownFileType = sourcecode.c.h; path = AlarmQuickTimes.h; sourceTree = "<group>"; };
		459402981296241000F11F95 /* AlarmQuickTimes.m */ = {isa = PBXFileReference; fileEncoding = 4; lastKnownFileType = sourcecode.c.objc; path = AlarmQuickTimes.m; sourceTree = "<group>"; };
		459A438B12ECF7D3007119A1 /* ToggleButton.h */ = {isa = PBXFileReference; fileEncoding = 4; lastKnownFileType = sourcecode.c.h; path = ToggleButton.h; sourceTree = "<group>"; };
		459A438C12ECF7D3007119A1 /* ToggleButton.m */ = {isa = PBXFileReference; fileEncoding = 4; lastKnownFileType = sourcecode.c.objc; path = ToggleButton.m; sourceTree = "<group>"; };
		45A6C30612A360280027AF86 /* Icon@2x.png */ = {isa = PBXFileReference; lastKnownFileType = image.png; name = "Icon@2x.png"; path = "Images/Icon@2x.png"; sourceTree = "<group>"; };
		45A6C30712A360280027AF86 /* Icon.png */ = {isa = PBXFileReference; lastKnownFileType = image.png; name = Icon.png; path = Images/Icon.png; sourceTree = "<group>"; };
		45A6C54612A492010027AF86 /* AlarmTitleButton.h */ = {isa = PBXFileReference; fileEncoding = 4; lastKnownFileType = sourcecode.c.h; path = AlarmTitleButton.h; sourceTree = "<group>"; };
		45A6C54712A492010027AF86 /* AlarmTitleButton.m */ = {isa = PBXFileReference; fileEncoding = 4; lastKnownFileType = sourcecode.c.objc; path = AlarmTitleButton.m; sourceTree = "<group>"; };
		45A6C6E712A5F7E70027AF86 /* ColorButton.h */ = {isa = PBXFileReference; fileEncoding = 4; lastKnownFileType = sourcecode.c.h; path = ColorButton.h; sourceTree = "<group>"; };
		45A6C6E812A5F7E70027AF86 /* ColorButton.m */ = {isa = PBXFileReference; fileEncoding = 4; lastKnownFileType = sourcecode.c.objc; path = ColorButton.m; sourceTree = "<group>"; };
		45A6C7F612A721430027AF86 /* DrawingColorController.h */ = {isa = PBXFileReference; fileEncoding = 4; lastKnownFileType = sourcecode.c.h; path = DrawingColorController.h; sourceTree = "<group>"; };
		45A6C7F712A721430027AF86 /* DrawingColorController.m */ = {isa = PBXFileReference; fileEncoding = 4; lastKnownFileType = sourcecode.c.objc; path = DrawingColorController.m; sourceTree = "<group>"; };
		45BFB98D12A73604004EB7A2 /* AlarmAbsoluteTimes.h */ = {isa = PBXFileReference; fileEncoding = 4; lastKnownFileType = sourcecode.c.h; path = AlarmAbsoluteTimes.h; sourceTree = "<group>"; };
		45BFB98E12A73604004EB7A2 /* AlarmAbsoluteTimes.m */ = {isa = PBXFileReference; fileEncoding = 4; lastKnownFileType = sourcecode.c.objc; path = AlarmAbsoluteTimes.m; sourceTree = "<group>"; };
		45C3BEB312EC908A004CB303 /* AlarmMapView.h */ = {isa = PBXFileReference; fileEncoding = 4; lastKnownFileType = sourcecode.c.h; path = AlarmMapView.h; sourceTree = "<group>"; };
		45C3BEB412EC908A004CB303 /* AlarmMapView.m */ = {isa = PBXFileReference; fileEncoding = 4; lastKnownFileType = sourcecode.c.objc; path = AlarmMapView.m; sourceTree = "<group>"; };
		45C3BEC212EC918C004CB303 /* MapKit.framework */ = {isa = PBXFileReference; lastKnownFileType = wrapper.framework; name = MapKit.framework; path = System/Library/Frameworks/MapKit.framework; sourceTree = SDKROOT; };
		45C58A4312D18B82009C3867 /* Default.png */ = {isa = PBXFileReference; lastKnownFileType = image.png; name = Default.png; path = Images/Default.png; sourceTree = "<group>"; };
		45D0BB9D1293874100470D80 /* alarm_times.plist */ = {isa = PBXFileReference; fileEncoding = 4; lastKnownFileType = text.plist.xml; path = alarm_times.plist; sourceTree = "<group>"; };
		45D19A0412CFDD33009E2E49 /* alarm.png */ = {isa = PBXFileReference; lastKnownFileType = image.png; name = alarm.png; path = Images/alarm.png; sourceTree = "<group>"; };
		45D19A0512CFDD33009E2E49 /* alarm@2X.png */ = {isa = PBXFileReference; lastKnownFileType = image.png; name = "alarm@2X.png"; path = "Images/alarm@2X.png"; sourceTree = "<group>"; };
		45D19A0612CFDD33009E2E49 /* erase-icon@2x.png */ = {isa = PBXFileReference; lastKnownFileType = image.png; name = "erase-icon@2x.png"; path = "Images/erase-icon@2x.png"; sourceTree = "<group>"; };
		45EBDA3212BEFB4F001999A4 /* StoreKit.framework */ = {isa = PBXFileReference; lastKnownFileType = wrapper.framework; name = StoreKit.framework; path = System/Library/Frameworks/StoreKit.framework; sourceTree = SDKROOT; };
		45EBDA3612BEFC72001999A4 /* PurchaseManager.h */ = {isa = PBXFileReference; fileEncoding = 4; lastKnownFileType = sourcecode.c.h; path = PurchaseManager.h; sourceTree = "<group>"; };
		45EBDA3712BEFC72001999A4 /* PurchaseManager.m */ = {isa = PBXFileReference; fileEncoding = 4; lastKnownFileType = sourcecode.c.objc; path = PurchaseManager.m; sourceTree = "<group>"; };
		45EC0C6912ECADE900DBD0B4 /* CoreLocation.framework */ = {isa = PBXFileReference; lastKnownFileType = wrapper.framework; name = CoreLocation.framework; path = System/Library/Frameworks/CoreLocation.framework; sourceTree = SDKROOT; };
		45EC0D7612ECC4C100DBD0B4 /* AlarmAnnotationView.h */ = {isa = PBXFileReference; fileEncoding = 4; lastKnownFileType = sourcecode.c.h; path = AlarmAnnotationView.h; sourceTree = "<group>"; };
		45EC0D7712ECC4C100DBD0B4 /* AlarmAnnotationView.m */ = {isa = PBXFileReference; fileEncoding = 4; lastKnownFileType = sourcecode.c.objc; path = AlarmAnnotationView.m; sourceTree = "<group>"; };
		45EC0D7912ECC54900DBD0B4 /* AlarmAnnotation.h */ = {isa = PBXFileReference; fileEncoding = 4; lastKnownFileType = sourcecode.c.h; path = AlarmAnnotation.h; sourceTree = "<group>"; };
		45EC0D7A12ECC54900DBD0B4 /* AlarmAnnotation.m */ = {isa = PBXFileReference; fileEncoding = 4; lastKnownFileType = sourcecode.c.objc; path = AlarmAnnotation.m; sourceTree = "<group>"; };
		45ED57F412F0CEFC00CF4A1D /* text-icon.png */ = {isa = PBXFileReference; lastKnownFileType = image.png; name = "text-icon.png"; path = "Images/text-icon.png"; sourceTree = "<group>"; };
		45ED586112F0F97F00CF4A1D /* DrawingTextBox.h */ = {isa = PBXFileReference; fileEncoding = 4; lastKnownFileType = sourcecode.c.h; path = DrawingTextBox.h; sourceTree = "<group>"; };
		45ED586212F0F97F00CF4A1D /* DrawingTextBox.m */ = {isa = PBXFileReference; fileEncoding = 4; lastKnownFileType = sourcecode.c.objc; path = DrawingTextBox.m; sourceTree = "<group>"; };
		45ED5AE512F121B800CF4A1D /* HPGrowingTextView.h */ = {isa = PBXFileReference; fileEncoding = 4; lastKnownFileType = sourcecode.c.h; path = HPGrowingTextView.h; sourceTree = "<group>"; };
		45ED5AE612F121B800CF4A1D /* HPGrowingTextView.m */ = {isa = PBXFileReference; fileEncoding = 4; lastKnownFileType = sourcecode.c.objc; path = HPGrowingTextView.m; sourceTree = "<group>"; };
		45ED5AE712F121B800CF4A1D /* HPTextViewInternal.h */ = {isa = PBXFileReference; fileEncoding = 4; lastKnownFileType = sourcecode.c.h; path = HPTextViewInternal.h; sourceTree = "<group>"; };
		45ED5AE812F121B800CF4A1D /* HPTextViewInternal.m */ = {isa = PBXFileReference; fileEncoding = 4; lastKnownFileType = sourcecode.c.objc; path = HPTextViewInternal.m; sourceTree = "<group>"; };
		45EE569112A9F04D00732503 /* CountingButton.h */ = {isa = PBXFileReference; fileEncoding = 4; lastKnownFileType = sourcecode.c.h; path = CountingButton.h; sourceTree = "<group>"; };
		45EE569212A9F04D00732503 /* CountingButton.m */ = {isa = PBXFileReference; fileEncoding = 4; lastKnownFileType = sourcecode.c.objc; path = CountingButton.m; sourceTree = "<group>"; };
		45EE571B12AB359200732503 /* DrawEraseButton.h */ = {isa = PBXFileReference; fileEncoding = 4; lastKnownFileType = sourcecode.c.h; path = DrawEraseButton.h; sourceTree = "<group>"; };
		45EE571C12AB359200732503 /* DrawEraseButton.m */ = {isa = PBXFileReference; fileEncoding = 4; lastKnownFileType = sourcecode.c.objc; path = DrawEraseButton.m; sourceTree = "<group>"; };
		45EE572E12AB383700732503 /* erase-icon.png */ = {isa = PBXFileReference; lastKnownFileType = image.png; name = "erase-icon.png"; path = "Images/erase-icon.png"; sourceTree = "<group>"; };
		45EE582512AB5F2D00732503 /* photos_icon.png */ = {isa = PBXFileReference; lastKnownFileType = image.png; name = photos_icon.png; path = Images/photos_icon.png; sourceTree = "<group>"; };
		45EE584A12ADB86900732503 /* draw-icon.png */ = {isa = PBXFileReference; lastKnownFileType = image.png; name = "draw-icon.png"; path = "Images/draw-icon.png"; sourceTree = "<group>"; };
		45EE587412ADBC0900732503 /* alarm-clock-icon.png */ = {isa = PBXFileReference; lastKnownFileType = image.png; name = "alarm-clock-icon.png"; path = "Images/alarm-clock-icon.png"; sourceTree = "<group>"; };
		8D1107310486CEB800E47090 /* Remindly-Info.plist */ = {isa = PBXFileReference; fileEncoding = 4; lastKnownFileType = text.plist.xml; path = "Remindly-Info.plist"; plistStructureDefinitionIdentifier = "com.apple.xcode.plist.structure-definition.iphone.info-plist"; sourceTree = "<group>"; };
/* End PBXFileReference section */

/* Begin PBXFrameworksBuildPhase section */
		1D60588F0D05DD3D006BFB54 /* Frameworks */ = {
			isa = PBXFrameworksBuildPhase;
			buildActionMask = 2147483647;
			files = (
				1D60589F0D05DD5A006BFB54 /* Foundation.framework in Frameworks */,
				1DF5F4E00D08C38300B7A737 /* UIKit.framework in Frameworks */,
				288765FD0DF74451002DB57D /* CoreGraphics.framework in Frameworks */,
				458234E61288FE8F00EC555C /* QuartzCore.framework in Frameworks */,
				45EBDA3312BEFB4F001999A4 /* StoreKit.framework in Frameworks */,
				45C3BEC312EC918C004CB303 /* MapKit.framework in Frameworks */,
				45EC0C6A12ECADE900DBD0B4 /* CoreLocation.framework in Frameworks */,
			);
			runOnlyForDeploymentPostprocessing = 0;
		};
/* End PBXFrameworksBuildPhase section */

/* Begin PBXGroup section */
		080E96DDFE201D6D7F000001 /* Classes */ = {
			isa = PBXGroup;
			children = (
				4569B2EA12EB967F003BD00C /* UI */,
				4501719F128B84B1003E71FE /* Note.h */,
				450171A0128B84B1003E71FE /* Note.m */,
				45792CBE1294B4A2001C834B /* NSDate+HumanInterval.h */,
				45792CBF1294B4A2001C834B /* NSDate+HumanInterval.m */,
				45EBDA3612BEFC72001999A4 /* PurchaseManager.h */,
				45EBDA3712BEFC72001999A4 /* PurchaseManager.m */,
				4501719C128B849A003E71FE /* NotesManager.h */,
				4501719D128B849A003E71FE /* NotesManager.m */,
				4569B96E12EF3AB0003BD00C /* LocationAlarmManager.h */,
				4569B96F12EF3AB0003BD00C /* LocationAlarmManager.m */,
				1D3623240D0F684500981E51 /* AppDelegate.h */,
				1D3623250D0F684500981E51 /* AppDelegate.m */,
			);
			path = Classes;
			sourceTree = "<group>";
		};
		19C28FACFE9D520D11CA2CBB /* Products */ = {
			isa = PBXGroup;
			children = (
				1D6058910D05DD3D006BFB54 /* Remindly.app */,
			);
			name = Products;
			sourceTree = "<group>";
		};
		29B97314FDCFA39411CA2CEA /* CustomTemplate */ = {
			isa = PBXGroup;
			children = (
				080E96DDFE201D6D7F000001 /* Classes */,
				29B97315FDCFA39411CA2CEA /* Other Sources */,
				29B97317FDCFA39411CA2CEA /* Resources */,
				29B97323FDCFA39411CA2CEA /* Frameworks */,
				19C28FACFE9D520D11CA2CBB /* Products */,
				4569B24812EB7A37003BD00C /* LICENSE.txt */,
				45C3BEC212EC918C004CB303 /* MapKit.framework */,
				45EC0C6912ECADE900DBD0B4 /* CoreLocation.framework */,
			);
			name = CustomTemplate;
			sourceTree = "<group>";
		};
		29B97315FDCFA39411CA2CEA /* Other Sources */ = {
			isa = PBXGroup;
			children = (
				32CA4F630368D1EE00C91783 /* Remindly_Prefix.pch */,
				29B97316FDCFA39411CA2CEA /* main.m */,
			);
			name = "Other Sources";
			sourceTree = "<group>";
		};
		29B97317FDCFA39411CA2CEA /* Resources */ = {
			isa = PBXGroup;
			children = (
				45D0BB9D1293874100470D80 /* alarm_times.plist */,
				45017391128CE8C7003E71FE /* empty.plist */,
				45823602128904C600EC555C /* Images */,
				8D1107310486CEB800E47090 /* Remindly-Info.plist */,
			);
			name = Resources;
			sourceTree = "<group>";
		};
		29B97323FDCFA39411CA2CEA /* Frameworks */ = {
			isa = PBXGroup;
			children = (
				1DF5F4DF0D08C38300B7A737 /* UIKit.framework */,
				1D30AB110D05D00D00671497 /* Foundation.framework */,
				288765FC0DF74451002DB57D /* CoreGraphics.framework */,
				458234E51288FE8F00EC555C /* QuartzCore.framework */,
				45EBDA3212BEFB4F001999A4 /* StoreKit.framework */,
			);
			name = Frameworks;
			sourceTree = "<group>";
		};
		4569AE0512EB37AD003BD00C /* NoteSelection */ = {
			isa = PBXGroup;
			children = (
				458235E11289034700EC555C /* NoteSelectorController.h */,
				458235E21289034700EC555C /* NoteSelectorController.m */,
				458234E01288FE1400EC555C /* NotesScrollView.h */,
				458234E11288FE1400EC555C /* NotesScrollView.m */,
				458235ED128903F200EC555C /* NotePreviewView.h */,
				458235EE128903F200EC555C /* NotePreviewView.m */,
			);
			name = NoteSelection;
			sourceTree = "<group>";
		};
		4569B2EA12EB967F003BD00C /* UI */ = {
			isa = PBXGroup;
			children = (
				45ED5AE412F1218E00CF4A1D /* TextEditBox */,
				459A438B12ECF7D3007119A1 /* ToggleButton.h */,
				459A438C12ECF7D3007119A1 /* ToggleButton.m */,
				4569AE0512EB37AD003BD00C /* NoteSelection */,
				459402951296239800F11F95 /* AlarmsPanel */,
				4569B3CE12EBA351003BD00C /* ColorSelector */,
				450ED515128B71E600E7E0C6 /* MainViewController.h */,
				450ED516128B71E600E7E0C6 /* MainViewController.m */,
				45853368128B69BC00793A24 /* DrawingViewController.h */,
				45853369128B69BC00793A24 /* DrawingViewController.m */,
				45EE569112A9F04D00732503 /* CountingButton.h */,
				45EE569212A9F04D00732503 /* CountingButton.m */,
				45EE571B12AB359200732503 /* DrawEraseButton.h */,
				45EE571C12AB359200732503 /* DrawEraseButton.m */,
				4548DEAA12C55D0200815580 /* StoreView.h */,
				4548DEAB12C55D0200815580 /* StoreView.m */,
				45A6C54612A492010027AF86 /* AlarmTitleButton.h */,
				45A6C54712A492010027AF86 /* AlarmTitleButton.m */,
				4563DFAF12B06C01004588A6 /* GradientButton.h */,
				4563DFAE12B06C01004588A6 /* GradientButton.m */,
			);
			name = UI;
			sourceTree = "<group>";
		};
		4569B3CE12EBA351003BD00C /* ColorSelector */ = {
			isa = PBXGroup;
			children = (
				45A6C7F612A721430027AF86 /* DrawingColorController.h */,
				45A6C7F712A721430027AF86 /* DrawingColorController.m */,
				45A6C6E712A5F7E70027AF86 /* ColorButton.h */,
				45A6C6E812A5F7E70027AF86 /* ColorButton.m */,
			);
			name = ColorSelector;
			sourceTree = "<group>";
		};
		45823602128904C600EC555C /* Images */ = {
			isa = PBXGroup;
			children = (
				45134A5A12F2314F00128C58 /* delete-icon.png */,
				45ED57F412F0CEFC00CF4A1D /* text-icon.png */,
				4569B4AE12ED1164003BD00C /* DepartingIcon.png */,
				4569B4AC12ED1158003BD00C /* ArrivingIcon.png */,
				45C58A4312D18B82009C3867 /* Default.png */,
				45D19A0412CFDD33009E2E49 /* alarm.png */,
				45D19A0512CFDD33009E2E49 /* alarm@2X.png */,
				45EE587412ADBC0900732503 /* alarm-clock-icon.png */,
				45EE584A12ADB86900732503 /* draw-icon.png */,
				45EE582512AB5F2D00732503 /* photos_icon.png */,
				45EE572E12AB383700732503 /* erase-icon.png */,
				45D19A0612CFDD33009E2E49 /* erase-icon@2x.png */,
				45A6C30612A360280027AF86 /* Icon@2x.png */,
				45A6C30712A360280027AF86 /* Icon.png */,
				45017381128CE74F003E71FE /* blank.png */,
			);
			name = Images;
			sourceTree = "<group>";
		};
		459402951296239800F11F95 /* AlarmsPanel */ = {
			isa = PBXGroup;
			children = (
				456FD35A1290EEC500076641 /* AlarmViewController.h */,
				456FD35B1290EEC500076641 /* AlarmViewController.m */,
				459402971296241000F11F95 /* AlarmQuickTimes.h */,
				459402981296241000F11F95 /* AlarmQuickTimes.m */,
				45BFB98D12A73604004EB7A2 /* AlarmAbsoluteTimes.h */,
				45BFB98E12A73604004EB7A2 /* AlarmAbsoluteTimes.m */,
				45C3BEB312EC908A004CB303 /* AlarmMapView.h */,
				45C3BEB412EC908A004CB303 /* AlarmMapView.m */,
				45EC0D7612ECC4C100DBD0B4 /* AlarmAnnotationView.h */,
				45EC0D7712ECC4C100DBD0B4 /* AlarmAnnotationView.m */,
				45EC0D7912ECC54900DBD0B4 /* AlarmAnnotation.h */,
				45EC0D7A12ECC54900DBD0B4 /* AlarmAnnotation.m */,
			);
			name = AlarmsPanel;
			sourceTree = "<group>";
		};
		45ED5AE412F1218E00CF4A1D /* TextEditBox */ = {
			isa = PBXGroup;
			children = (
				45ED586112F0F97F00CF4A1D /* DrawingTextBox.h */,
				45ED586212F0F97F00CF4A1D /* DrawingTextBox.m */,
				45ED5AE512F121B800CF4A1D /* HPGrowingTextView.h */,
				45ED5AE612F121B800CF4A1D /* HPGrowingTextView.m */,
				45ED5AE712F121B800CF4A1D /* HPTextViewInternal.h */,
				45ED5AE812F121B800CF4A1D /* HPTextViewInternal.m */,
			);
			name = TextEditBox;
			sourceTree = "<group>";
		};
/* End PBXGroup section */

/* Begin PBXNativeTarget section */
		1D6058900D05DD3D006BFB54 /* Remindly */ = {
			isa = PBXNativeTarget;
			buildConfigurationList = 1D6058960D05DD3E006BFB54 /* Build configuration list for PBXNativeTarget "Remindly" */;
			buildPhases = (
				1D60588D0D05DD3D006BFB54 /* Resources */,
				1D60588E0D05DD3D006BFB54 /* Sources */,
				1D60588F0D05DD3D006BFB54 /* Frameworks */,
			);
			buildRules = (
			);
			dependencies = (
			);
			name = Remindly;
			productName = IoGee;
			productReference = 1D6058910D05DD3D006BFB54 /* Remindly.app */;
			productType = "com.apple.product-type.application";
		};
/* End PBXNativeTarget section */

/* Begin PBXProject section */
		29B97313FDCFA39411CA2CEA /* Project object */ = {
			isa = PBXProject;
			buildConfigurationList = C01FCF4E08A954540054247B /* Build configuration list for PBXProject "Remindly" */;
			compatibilityVersion = "Xcode 3.1";
			developmentRegion = English;
			hasScannedForEncodings = 1;
			knownRegions = (
				English,
				Japanese,
				French,
				German,
			);
			mainGroup = 29B97314FDCFA39411CA2CEA /* CustomTemplate */;
			projectDirPath = "";
			projectRoot = "";
			targets = (
				1D6058900D05DD3D006BFB54 /* Remindly */,
			);
		};
/* End PBXProject section */

/* Begin PBXResourcesBuildPhase section */
		1D60588D0D05DD3D006BFB54 /* Resources */ = {
			isa = PBXResourcesBuildPhase;
			buildActionMask = 2147483647;
			files = (
				45017382128CE74F003E71FE /* blank.png in Resources */,
				45017392128CE8C7003E71FE /* empty.plist in Resources */,
				45D0BB9E1293874100470D80 /* alarm_times.plist in Resources */,
				45A6C30812A360280027AF86 /* Icon@2x.png in Resources */,
				45A6C30912A360280027AF86 /* Icon.png in Resources */,
				45EE572F12AB383700732503 /* erase-icon.png in Resources */,
				45EE582612AB5F2D00732503 /* photos_icon.png in Resources */,
				45EE584B12ADB86900732503 /* draw-icon.png in Resources */,
				45EE587512ADBC0900732503 /* alarm-clock-icon.png in Resources */,
				45D19A0712CFDD33009E2E49 /* alarm.png in Resources */,
				45D19A0812CFDD33009E2E49 /* alarm@2X.png in Resources */,
				45D19A0912CFDD33009E2E49 /* erase-icon@2x.png in Resources */,
				45C58A4412D18B82009C3867 /* Default.png in Resources */,
				4569B24912EB7A37003BD00C /* LICENSE.txt in Resources */,
				4569B4AD12ED1158003BD00C /* ArrivingIcon.png in Resources */,
				4569B4AF12ED1164003BD00C /* DepartingIcon.png in Resources */,
				45ED57F512F0CEFC00CF4A1D /* text-icon.png in Resources */,
				45134A5B12F2314F00128C58 /* delete-icon.png in Resources */,
			);
			runOnlyForDeploymentPostprocessing = 0;
		};
/* End PBXResourcesBuildPhase section */

/* Begin PBXSourcesBuildPhase section */
		1D60588E0D05DD3D006BFB54 /* Sources */ = {
			isa = PBXSourcesBuildPhase;
			buildActionMask = 2147483647;
			files = (
				1D60589B0D05DD56006BFB54 /* main.m in Sources */,
				1D3623260D0F684500981E51 /* AppDelegate.m in Sources */,
				458234E21288FE1400EC555C /* NotesScrollView.m in Sources */,
				458235E31289034700EC555C /* NoteSelectorController.m in Sources */,
				458235EF128903F200EC555C /* NotePreviewView.m in Sources */,
				4585336A128B69BC00793A24 /* DrawingViewController.m in Sources */,
				450ED517128B71E600E7E0C6 /* MainViewController.m in Sources */,
				4501719E128B849A003E71FE /* NotesManager.m in Sources */,
				450171A1128B84B1003E71FE /* Note.m in Sources */,
				456FD35C1290EEC500076641 /* AlarmViewController.m in Sources */,
				45792CC01294B4A2001C834B /* NSDate+HumanInterval.m in Sources */,
				459402991296241000F11F95 /* AlarmQuickTimes.m in Sources */,
				45A6C54812A492010027AF86 /* AlarmTitleButton.m in Sources */,
				45A6C6E912A5F7E70027AF86 /* ColorButton.m in Sources */,
				45A6C7F812A721430027AF86 /* DrawingColorController.m in Sources */,
				45BFB98F12A73604004EB7A2 /* AlarmAbsoluteTimes.m in Sources */,
				45EE569312A9F04D00732503 /* CountingButton.m in Sources */,
				45EE571D12AB359200732503 /* DrawEraseButton.m in Sources */,
				4563DFB012B06C01004588A6 /* GradientButton.m in Sources */,
				45EBDA3812BEFC72001999A4 /* PurchaseManager.m in Sources */,
				4548DEAC12C55D0200815580 /* StoreView.m in Sources */,
				45C3BEB512EC908A004CB303 /* AlarmMapView.m in Sources */,
				45EC0D7812ECC4C100DBD0B4 /* AlarmAnnotationView.m in Sources */,
				45EC0D7B12ECC54900DBD0B4 /* AlarmAnnotation.m in Sources */,
				459A438D12ECF7D3007119A1 /* ToggleButton.m in Sources */,
				4569B97012EF3AB0003BD00C /* LocationAlarmManager.m in Sources */,
				45ED586312F0F97F00CF4A1D /* DrawingTextBox.m in Sources */,
				45ED5AE912F121B800CF4A1D /* HPGrowingTextView.m in Sources */,
				45ED5AEA12F121B800CF4A1D /* HPTextViewInternal.m in Sources */,
			);
			runOnlyForDeploymentPostprocessing = 0;
		};
/* End PBXSourcesBuildPhase section */

/* Begin XCBuildConfiguration section */
		1D6058940D05DD3E006BFB54 /* Debug */ = {
			isa = XCBuildConfiguration;
			buildSettings = {
				ALWAYS_SEARCH_USER_PATHS = NO;
				COPY_PHASE_STRIP = NO;
				GCC_DYNAMIC_NO_PIC = NO;
				GCC_OPTIMIZATION_LEVEL = 0;
				GCC_PRECOMPILE_PREFIX_HEADER = YES;
				GCC_PREFIX_HEADER = Remindly_Prefix.pch;
				INFOPLIST_FILE = "Remindly-Info.plist";
				PRODUCT_NAME = Remindly;
			};
			name = Debug;
		};
		1D6058950D05DD3E006BFB54 /* Release */ = {
			isa = XCBuildConfiguration;
			buildSettings = {
				ALWAYS_SEARCH_USER_PATHS = NO;
				COPY_PHASE_STRIP = YES;
				GCC_PRECOMPILE_PREFIX_HEADER = YES;
				GCC_PREFIX_HEADER = Remindly_Prefix.pch;
				INFOPLIST_FILE = "Remindly-Info.plist";
				PRODUCT_NAME = Remindly;
				VALIDATE_PRODUCT = YES;
			};
			name = Release;
		};
		4596503B12BE7F70000EF8EE /* Distribution */ = {
			isa = XCBuildConfiguration;
			buildSettings = {
				ARCHS = "$(ARCHS_STANDARD_32_BIT)";
				"CODE_SIGN_IDENTITY[sdk=iphoneos*]" = "iPhone Distribution: nathan stitt";
				GCC_C_LANGUAGE_STANDARD = c99;
				GCC_WARN_ABOUT_RETURN_TYPE = YES;
				GCC_WARN_UNUSED_VARIABLE = YES;
				IPHONEOS_DEPLOYMENT_TARGET = 4.0;
				OTHER_CFLAGS = "-DNS_BLOCK_ASSERTIONS=1";
				PREBINDING = NO;
				"PROVISIONING_PROFILE[sdk=iphoneos*]" = "A11406B1-C54B-4BB1-BC0A-AC2A9F5D60C0";
				SDKROOT = iphoneos;
			};
			name = Distribution;
		};
		4596503C12BE7F70000EF8EE /* Distribution */ = {
			isa = XCBuildConfiguration;
			buildSettings = {
				ALWAYS_SEARCH_USER_PATHS = NO;
				"CODE_SIGN_IDENTITY[sdk=iphoneos*]" = "iPhone Distribution: nathan stitt";
				COPY_PHASE_STRIP = YES;
				GCC_PRECOMPILE_PREFIX_HEADER = YES;
				GCC_PREFIX_HEADER = Remindly_Prefix.pch;
				INFOPLIST_FILE = "Remindly-Info.plist";
				PRODUCT_NAME = Remindly;
				"PROVISIONING_PROFILE[sdk=iphoneos*]" = "A11406B1-C54B-4BB1-BC0A-AC2A9F5D60C0";
				VALIDATE_PRODUCT = YES;
			};
			name = Distribution;
		};
		C01FCF4F08A954540054247B /* Debug */ = {
			isa = XCBuildConfiguration;
			buildSettings = {
				ARCHS = "$(ARCHS_STANDARD_32_BIT)";
				CODE_SIGN_IDENTITY = "iPhone Developer: nathan stitt (N2BSSH8J3G)";
				"CODE_SIGN_IDENTITY[sdk=iphoneos*]" = "iPhone Developer";
				GCC_C_LANGUAGE_STANDARD = c99;
				GCC_WARN_ABOUT_RETURN_TYPE = YES;
				GCC_WARN_UNUSED_VARIABLE = YES;
				IPHONEOS_DEPLOYMENT_TARGET = 4.0;
				PREBINDING = NO;
				PROVISIONING_PROFILE = "AC1419C9-8195-4826-92C6-B8D09C8CC7DD";
				SDKROOT = iphoneos;
			};
			name = Debug;
		};
		C01FCF5008A954540054247B /* Release */ = {
			isa = XCBuildConfiguration;
			buildSettings = {
				ARCHS = "$(ARCHS_STANDARD_32_BIT)";
				"CODE_SIGN_IDENTITY[sdk=iphoneos*]" = "iPhone Developer";
				GCC_C_LANGUAGE_STANDARD = c99;
				GCC_WARN_ABOUT_RETURN_TYPE = YES;
				GCC_WARN_UNUSED_VARIABLE = YES;
				IPHONEOS_DEPLOYMENT_TARGET = 4.0;
				OTHER_CFLAGS = "-DNS_BLOCK_ASSERTIONS=1";
				PREBINDING = NO;
				SDKROOT = iphoneos;
			};
			name = Release;
		};
/* End XCBuildConfiguration section */

/* Begin XCConfigurationList section */
		1D6058960D05DD3E006BFB54 /* Build configuration list for PBXNativeTarget "Remindly" */ = {
			isa = XCConfigurationList;
			buildConfigurations = (
				1D6058940D05DD3E006BFB54 /* Debug */,
				1D6058950D05DD3E006BFB54 /* Release */,
				4596503C12BE7F70000EF8EE /* Distribution */,
			);
			defaultConfigurationIsVisible = 0;
			defaultConfigurationName = Release;
		};
		C01FCF4E08A954540054247B /* Build configuration list for PBXProject "Remindly" */ = {
			isa = XCConfigurationList;
			buildConfigurations = (
				C01FCF4F08A954540054247B /* Debug */,
				C01FCF5008A954540054247B /* Release */,
				4596503B12BE7F70000EF8EE /* Distribution */,
			);
			defaultConfigurationIsVisible = 0;
			defaultConfigurationName = Release;
		};
/* End XCConfigurationList section */
	};
	rootObject = 29B97313FDCFA39411CA2CEA /* Project object */;
}
